
Microsoft Visual Studio Solution File, Format Version 12.00
# Visual Studio Version 17
VisualStudioVersion = 17.0.32014.148
MinimumVisualStudioVersion = 10.0.40219.1
Project("{9A19103F-16F7-4668-BE54-9A1E7A4F7556}") = "GamesCollection", "GamesCollection\GamesCollection.csproj", "{851827F3-51C8-4916-971D-5670C09382A7}"
EndProject
Project("{2150E333-8FDC-42A3-9474-1A3956D46DE8}") = "TicTacToe", "TicTacToe", "{5B5CEEC0-8C13-4904-9810-02C4819DF303}"
EndProject
Project("{9A19103F-16F7-4668-BE54-9A1E7A4F7556}") = "TicTacToe", "TicTacToe\TicTacToe\TicTacToe.csproj", "{F389503A-DF76-4A3D-9389-4CCCB5AE0A61}"
EndProject
Project("{9A19103F-16F7-4668-BE54-9A1E7A4F7556}") = "TicTacToeUI", "TicTacToe\TicTacToeUI\TicTacToeUI.csproj", "{3E1DEC09-5643-48AB-95DA-44F2A4AABD00}"
EndProject
Project("{9A19103F-16F7-4668-BE54-9A1E7A4F7556}") = "TicTacToeTests", "TicTacToe\TicTacToeTests\TicTacToeTests.csproj", "{9B2BC5BA-8919-42B7-A7EA-7413EF288058}"
EndProject
Project("{2150E333-8FDC-42A3-9474-1A3956D46DE8}") = "Chess", "Chess", "{25C9A578-868A-40D9-82CD-A3491F265C92}"
EndProject
Project("{9A19103F-16F7-4668-BE54-9A1E7A4F7556}") = "Chess", "Chess\Chess\Chess.csproj", "{E6EFC4B4-B998-494E-8280-69FBD76622C4}"
EndProject
Project("{9A19103F-16F7-4668-BE54-9A1E7A4F7556}") = "ChessTests", "Chess\ChessTests\ChessTests.csproj", "{B047AD7E-9399-4547-8917-A25F002EC2D8}"
EndProject
Project("{FAE04EC0-301F-11D3-BF4B-00C04F79EFBC}") = "ChessUI", "Chess\ChessUI\ChessUI.csproj", "{D308AE90-EA20-49BD-94CB-E4902A0E64EA}"
EndProject
Global
	GlobalSection(SolutionConfigurationPlatforms) = preSolution
		Debug|Any CPU = Debug|Any CPU
		Release|Any CPU = Release|Any CPU
	EndGlobalSection
	GlobalSection(ProjectConfigurationPlatforms) = postSolution
		{851827F3-51C8-4916-971D-5670C09382A7}.Debug|Any CPU.ActiveCfg = Debug|Any CPU
		{851827F3-51C8-4916-971D-5670C09382A7}.Debug|Any CPU.Build.0 = Debug|Any CPU
		{851827F3-51C8-4916-971D-5670C09382A7}.Release|Any CPU.ActiveCfg = Release|Any CPU
		{851827F3-51C8-4916-971D-5670C09382A7}.Release|Any CPU.Build.0 = Release|Any CPU
		{F389503A-DF76-4A3D-9389-4CCCB5AE0A61}.Debug|Any CPU.ActiveCfg = Debug|Any CPU
		{F389503A-DF76-4A3D-9389-4CCCB5AE0A61}.Debug|Any CPU.Build.0 = Debug|Any CPU
		{F389503A-DF76-4A3D-9389-4CCCB5AE0A61}.Release|Any CPU.ActiveCfg = Release|Any CPU
		{F389503A-DF76-4A3D-9389-4CCCB5AE0A61}.Release|Any CPU.Build.0 = Release|Any CPU
		{3E1DEC09-5643-48AB-95DA-44F2A4AABD00}.Debug|Any CPU.ActiveCfg = Debug|Any CPU
		{3E1DEC09-5643-48AB-95DA-44F2A4AABD00}.Debug|Any CPU.Build.0 = Debug|Any CPU
		{3E1DEC09-5643-48AB-95DA-44F2A4AABD00}.Release|Any CPU.ActiveCfg = Release|Any CPU
		{3E1DEC09-5643-48AB-95DA-44F2A4AABD00}.Release|Any CPU.Build.0 = Release|Any CPU
		{9B2BC5BA-8919-42B7-A7EA-7413EF288058}.Debug|Any CPU.ActiveCfg = Debug|Any CPU
		{9B2BC5BA-8919-42B7-A7EA-7413EF288058}.Debug|Any CPU.Build.0 = Debug|Any CPU
		{9B2BC5BA-8919-42B7-A7EA-7413EF288058}.Release|Any CPU.ActiveCfg = Release|Any CPU
		{9B2BC5BA-8919-42B7-A7EA-7413EF288058}.Release|Any CPU.Build.0 = Release|Any CPU
		{E6EFC4B4-B998-494E-8280-69FBD76622C4}.Debug|Any CPU.ActiveCfg = Debug|Any CPU
		{E6EFC4B4-B998-494E-8280-69FBD76622C4}.Debug|Any CPU.Build.0 = Debug|Any CPU
		{E6EFC4B4-B998-494E-8280-69FBD76622C4}.Release|Any CPU.ActiveCfg = Release|Any CPU
		{E6EFC4B4-B998-494E-8280-69FBD76622C4}.Release|Any CPU.Build.0 = Release|Any CPU
		{B047AD7E-9399-4547-8917-A25F002EC2D8}.Debug|Any CPU.ActiveCfg = Debug|Any CPU
		{B047AD7E-9399-4547-8917-A25F002EC2D8}.Debug|Any CPU.Build.0 = Debug|Any CPU
		{B047AD7E-9399-4547-8917-A25F002EC2D8}.Release|Any CPU.ActiveCfg = Release|Any CPU
		{B047AD7E-9399-4547-8917-A25F002EC2D8}.Release|Any CPU.Build.0 = Release|Any CPU
		{D308AE90-EA20-49BD-94CB-E4902A0E64EA}.Debug|Any CPU.ActiveCfg = Debug|Any CPU
		{D308AE90-EA20-49BD-94CB-E4902A0E64EA}.Debug|Any CPU.Build.0 = Debug|Any CPU
		{D308AE90-EA20-49BD-94CB-E4902A0E64EA}.Release|Any CPU.ActiveCfg = Release|Any CPU
		{D308AE90-EA20-49BD-94CB-E4902A0E64EA}.Release|Any CPU.Build.0 = Release|Any CPU
	EndGlobalSection
	GlobalSection(SolutionProperties) = preSolution
		HideSolutionNode = FALSE
	EndGlobalSection
	GlobalSection(NestedProjects) = preSolution
		{F389503A-DF76-4A3D-9389-4CCCB5AE0A61} = {5B5CEEC0-8C13-4904-9810-02C4819DF303}
		{3E1DEC09-5643-48AB-95DA-44F2A4AABD00} = {5B5CEEC0-8C13-4904-9810-02C4819DF303}
		{9B2BC5BA-8919-42B7-A7EA-7413EF288058} = {5B5CEEC0-8C13-4904-9810-02C4819DF303}
		{E6EFC4B4-B998-494E-8280-69FBD76622C4} = {25C9A578-868A-40D9-82CD-A3491F265C92}
		{B047AD7E-9399-4547-8917-A25F002EC2D8} = {25C9A578-868A-40D9-82CD-A3491F265C92}
		{D308AE90-EA20-49BD-94CB-E4902A0E64EA} = {25C9A578-868A-40D9-82CD-A3491F265C92}
	EndGlobalSection
	GlobalSection(ExtensibilityGlobals) = postSolution
		SolutionGuid = {4166BBB6-72FA-40F2-99C3-5BB4F10607BA}
	EndGlobalSection
EndGlobal
